
Microsoft Visual Studio Solution File, Format Version 12.00
# Visual Studio Version 17
VisualStudioVersion = 17.10.35027.167
MinimumVisualStudioVersion = 10.0.40219.1
Project("{FAE04EC0-301F-11D3-BF4B-00C04F79EFBC}") = "BullyWeb", "BullyWeb\BullyWeb.csproj", "{F74F87BF-2382-4457-A0F7-DB6770AE6730}"
EndProject
Global
	GlobalSection(SolutionConfigurationPlatforms) = preSolution
		Debug|Any CPU = Debug|Any CPU
		Release|Any CPU = Release|Any CPU
	EndGlobalSection
	GlobalSection(ProjectConfigurationPlatforms) = postSolution
		{F74F87BF-2382-4457-A0F7-DB6770AE6730}.Debug|Any CPU.ActiveCfg = Debug|Any CPU
		{F74F87BF-2382-4457-A0F7-DB6770AE6730}.Debug|Any CPU.Build.0 = Debug|Any CPU
		{F74F87BF-2382-4457-A0F7-DB6770AE6730}.Release|Any CPU.ActiveCfg = Release|Any CPU
		{F74F87BF-2382-4457-A0F7-DB6770AE6730}.Release|Any CPU.Build.0 = Release|Any CPU
	EndGlobalSection
	GlobalSection(SolutionProperties) = preSolution
		HideSolutionNode = FALSE
	EndGlobalSection
	GlobalSection(ExtensibilityGlobals) = postSolution
		SolutionGuid = {98E794B6-A90F-4AF3-9D69-DB88B0B82FC2}
	EndGlobalSection
EndGlobal
